// !$*UTF8*$!
{
	archiveVersion = 1;
	classes = {
	};
	objectVersion = 46;
	objects = {

/* Begin PBXBuildFile section */
		39B9C67A1CBD663000BC28B6 /* AppDelegate.swift in Sources */ = {isa = PBXBuildFile; fileRef = 39B9C6791CBD663000BC28B6 /* AppDelegate.swift */; };
		39B9C67C1CBD663000BC28B6 /* ViewController.swift in Sources */ = {isa = PBXBuildFile; fileRef = 39B9C67B1CBD663000BC28B6 /* ViewController.swift */; };
		39B9C67F1CBD663000BC28B6 /* Main.storyboard in Resources */ = {isa = PBXBuildFile; fileRef = 39B9C67D1CBD663000BC28B6 /* Main.storyboard */; };
		39B9C6811CBD663000BC28B6 /* Assets.xcassets in Resources */ = {isa = PBXBuildFile; fileRef = 39B9C6801CBD663000BC28B6 /* Assets.xcassets */; };
		39B9C6841CBD663000BC28B6 /* LaunchScreen.storyboard in Resources */ = {isa = PBXBuildFile; fileRef = 39B9C6821CBD663000BC28B6 /* LaunchScreen.storyboard */; };
		39B9C68F1CBD663000BC28B6 /* testPhoneCallTests.swift in Sources */ = {isa = PBXBuildFile; fileRef = 39B9C68E1CBD663000BC28B6 /* testPhoneCallTests.swift */; };
		39B9C69A1CBD663000BC28B6 /* testPhoneCallUITests.swift in Sources */ = {isa = PBXBuildFile; fileRef = 39B9C6991CBD663000BC28B6 /* testPhoneCallUITests.swift */; };
/* End PBXBuildFile section */

/* Begin PBXContainerItemProxy section */
		39B9C68B1CBD663000BC28B6 /* PBXContainerItemProxy */ = {
			isa = PBXContainerItemProxy;
			containerPortal = 39B9C66E1CBD662F00BC28B6 /* Project object */;
			proxyType = 1;
			remoteGlobalIDString = 39B9C6751CBD663000BC28B6;
			remoteInfo = testPhoneCall;
		};
		39B9C6961CBD663000BC28B6 /* PBXContainerItemProxy */ = {
			isa = PBXContainerItemProxy;
			containerPortal = 39B9C66E1CBD662F00BC28B6 /* Project object */;
			proxyType = 1;
			remoteGlobalIDString = 39B9C6751CBD663000BC28B6;
			remoteInfo = testPhoneCall;
		};
/* End PBXContainerItemProxy section */

/* Begin PBXFileReference section */
		39B9C6761CBD663000BC28B6 /* testPhoneCall.app */ = {isa = PBXFileReference; explicitFileType = wrapper.application; includeInIndex = 0; path = testPhoneCall.app; sourceTree = BUILT_PRODUCTS_DIR; };
		39B9C6791CBD663000BC28B6 /* AppDelegate.swift */ = {isa = PBXFileReference; lastKnownFileType = sourcecode.swift; path = AppDelegate.swift; sourceTree = "<group>"; };
		39B9C67B1CBD663000BC28B6 /* ViewController.swift */ = {isa = PBXFileReference; lastKnownFileType = sourcecode.swift; path = ViewController.swift; sourceTree = "<group>"; };
		39B9C67E1CBD663000BC28B6 /* Base */ = {isa = PBXFileReference; lastKnownFileType = file.storyboard; name = Base; path = Base.lproj/Main.storyboard; sourceTree = "<group>"; };
		39B9C6801CBD663000BC28B6 /* Assets.xcassets */ = {isa = PBXFileReference; lastKnownFileType = folder.assetcatalog; path = Assets.xcassets; sourceTree = "<group>"; };
		39B9C6831CBD663000BC28B6 /* Base */ = {isa = PBXFileReference; lastKnownFileType = file.storyboard; name = Base; path = Base.lproj/LaunchScreen.storyboard; sourceTree = "<group>"; };
		39B9C6851CBD663000BC28B6 /* Info.plist */ = {isa = PBXFileReference; lastKnownFileType = text.plist.xml; path = Info.plist; sourceTree = "<group>"; };
		39B9C68A1CBD663000BC28B6 /* testPhoneCallTests.xctest */ = {isa = PBXFileReference; explicitFileType = wrapper.cfbundle; includeInIndex = 0; path = testPhoneCallTests.xctest; sourceTree = BUILT_PRODUCTS_DIR; };
		39B9C68E1CBD663000BC28B6 /* testPhoneCallTests.swift */ = {isa = PBXFileReference; lastKnownFileType = sourcecode.swift; path = testPhoneCallTests.swift; sourceTree = "<group>"; };
		39B9C6901CBD663000BC28B6 /* Info.plist */ = {isa = PBXFileReference; lastKnownFileType = text.plist.xml; path = Info.plist; sourceTree = "<group>"; };
		39B9C6951CBD663000BC28B6 /* testPhoneCallUITests.xctest */ = {isa = PBXFileReference; explicitFileType = wrapper.cfbundle; includeInIndex = 0; path = testPhoneCallUITests.xctest; sourceTree = BUILT_PRODUCTS_DIR; };
		39B9C6991CBD663000BC28B6 /* testPhoneCallUITests.swift */ = {isa = PBXFileReference; lastKnownFileType = sourcecode.swift; path = testPhoneCallUITests.swift; sourceTree = "<group>"; };
		39B9C69B1CBD663000BC28B6 /* Info.plist */ = {isa = PBXFileReference; lastKnownFileType = text.plist.xml; path = Info.plist; sourceTree = "<group>"; };
/* End PBXFileReference section */

/* Begin PBXFrameworksBuildPhase section */
		39B9C6731CBD663000BC28B6 /* Frameworks */ = {
			isa = PBXFrameworksBuildPhase;
			buildActionMask = 2147483647;
			files = (
			);
			runOnlyForDeploymentPostprocessing = 0;
		};
		39B9C6871CBD663000BC28B6 /* Frameworks */ = {
			isa = PBXFrameworksBuildPhase;
			buildActionMask = 2147483647;
			files = (
			);
			runOnlyForDeploymentPostprocessing = 0;
		};
		39B9C6921CBD663000BC28B6 /* Frameworks */ = {
			isa = PBXFrameworksBuildPhase;
			buildActionMask = 2147483647;
			files = (
			);
			runOnlyForDeploymentPostprocessing = 0;
		};
/* End PBXFrameworksBuildPhase section */

/* Begin PBXGroup section */
		39B9C66D1CBD662F00BC28B6 = {
			isa = PBXGroup;
			children = (
				39B9C6781CBD663000BC28B6 /* testPhoneCall */,
				39B9C68D1CBD663000BC28B6 /* testPhoneCallTests */,
				39B9C6981CBD663000BC28B6 /* testPhoneCallUITests */,
				39B9C6771CBD663000BC28B6 /* Products */,
			);
			sourceTree = "<group>";
		};
		39B9C6771CBD663000BC28B6 /* Products */ = {
			isa = PBXGroup;
			children = (
				39B9C6761CBD663000BC28B6 /* testPhoneCall.app */,
				39B9C68A1CBD663000BC28B6 /* testPhoneCallTests.xctest */,
				39B9C6951CBD663000BC28B6 /* testPhoneCallUITests.xctest */,
			);
			name = Products;
			sourceTree = "<group>";
		};
		39B9C6781CBD663000BC28B6 /* testPhoneCall */ = {
			isa = PBXGroup;
			children = (
				39B9C6791CBD663000BC28B6 /* AppDelegate.swift */,
				39B9C67B1CBD663000BC28B6 /* ViewController.swift */,
				39B9C67D1CBD663000BC28B6 /* Main.storyboard */,
				39B9C6801CBD663000BC28B6 /* Assets.xcassets */,
				39B9C6821CBD663000BC28B6 /* LaunchScreen.storyboard */,
				39B9C6851CBD663000BC28B6 /* Info.plist */,
			);
			path = testPhoneCall;
			sourceTree = "<group>";
		};
		39B9C68D1CBD663000BC28B6 /* testPhoneCallTests */ = {
			isa = PBXGroup;
			children = (
				39B9C68E1CBD663000BC28B6 /* testPhoneCallTests.swift */,
				39B9C6901CBD663000BC28B6 /* Info.plist */,
			);
			path = testPhoneCallTests;
			sourceTree = "<group>";
		};
		39B9C6981CBD663000BC28B6 /* testPhoneCallUITests */ = {
			isa = PBXGroup;
			children = (
				39B9C6991CBD663000BC28B6 /* testPhoneCallUITests.swift */,
				39B9C69B1CBD663000BC28B6 /* Info.plist */,
			);
			path = testPhoneCallUITests;
			sourceTree = "<group>";
		};
/* End PBXGroup section */

/* Begin PBXNativeTarget section */
		39B9C6751CBD663000BC28B6 /* testPhoneCall */ = {
			isa = PBXNativeTarget;
			buildConfigurationList = 39B9C69E1CBD663000BC28B6 /* Build configuration list for PBXNativeTarget "testPhoneCall" */;
			buildPhases = (
				39B9C6721CBD663000BC28B6 /* Sources */,
				39B9C6731CBD663000BC28B6 /* Frameworks */,
				39B9C6741CBD663000BC28B6 /* Resources */,
			);
			buildRules = (
			);
			dependencies = (
			);
			name = testPhoneCall;
			productName = testPhoneCall;
			productReference = 39B9C6761CBD663000BC28B6 /* testPhoneCall.app */;
			productType = "com.apple.product-type.application";
		};
		39B9C6891CBD663000BC28B6 /* testPhoneCallTests */ = {
			isa = PBXNativeTarget;
			buildConfigurationList = 39B9C6A11CBD663000BC28B6 /* Build configuration list for PBXNativeTarget "testPhoneCallTests" */;
			buildPhases = (
				39B9C6861CBD663000BC28B6 /* Sources */,
				39B9C6871CBD663000BC28B6 /* Frameworks */,
				39B9C6881CBD663000BC28B6 /* Resources */,
			);
			buildRules = (
			);
			dependencies = (
				39B9C68C1CBD663000BC28B6 /* PBXTargetDependency */,
			);
			name = testPhoneCallTests;
			productName = testPhoneCallTests;
			productReference = 39B9C68A1CBD663000BC28B6 /* testPhoneCallTests.xctest */;
			productType = "com.apple.product-type.bundle.unit-test";
		};
		39B9C6941CBD663000BC28B6 /* testPhoneCallUITests */ = {
			isa = PBXNativeTarget;
			buildConfigurationList = 39B9C6A41CBD663000BC28B6 /* Build configuration list for PBXNativeTarget "testPhoneCallUITests" */;
			buildPhases = (
				39B9C6911CBD663000BC28B6 /* Sources */,
				39B9C6921CBD663000BC28B6 /* Frameworks */,
				39B9C6931CBD663000BC28B6 /* Resources */,
			);
			buildRules = (
			);
			dependencies = (
				39B9C6971CBD663000BC28B6 /* PBXTargetDependency */,
			);
			name = testPhoneCallUITests;
			productName = testPhoneCallUITests;
			productReference = 39B9C6951CBD663000BC28B6 /* testPhoneCallUITests.xctest */;
			productType = "com.apple.product-type.bundle.ui-testing";
		};
/* End PBXNativeTarget section */

/* Begin PBXProject section */
		39B9C66E1CBD662F00BC28B6 /* Project object */ = {
			isa = PBXProject;
			attributes = {
				LastSwiftUpdateCheck = 0720;
				LastUpgradeCheck = 0720;
				TargetAttributes = {
					39B9C6751CBD663000BC28B6 = {
						CreatedOnToolsVersion = 7.2;
					};
					39B9C6891CBD663000BC28B6 = {
						CreatedOnToolsVersion = 7.2;
						TestTargetID = 39B9C6751CBD663000BC28B6;
					};
					39B9C6941CBD663000BC28B6 = {
						CreatedOnToolsVersion = 7.2;
						TestTargetID = 39B9C6751CBD663000BC28B6;
					};
				};
			};
			buildConfigurationList = 39B9C6711CBD663000BC28B6 /* Build configuration list for PBXProject "testPhoneCall" */;
			compatibilityVersion = "Xcode 3.2";
			developmentRegion = English;
			hasScannedForEncodings = 0;
			knownRegions = (
				en,
				Base,
			);
			mainGroup = 39B9C66D1CBD662F00BC28B6;
			productRefGroup = 39B9C6771CBD663000BC28B6 /* Products */;
			projectDirPath = "";
			projectRoot = "";
			targets = (
				39B9C6751CBD663000BC28B6 /* testPhoneCall */,
				39B9C6891CBD663000BC28B6 /* testPhoneCallTests */,
				39B9C6941CBD663000BC28B6 /* testPhoneCallUITests */,
			);
		};
/* End PBXProject section */

/* Begin PBXResourcesBuildPhase section */
		39B9C6741CBD663000BC28B6 /* Resources */ = {
			isa = PBXResourcesBuildPhase;
			buildActionMask = 2147483647;
			files = (
				39B9C6841CBD663000BC28B6 /* LaunchScreen.storyboard in Resources */,
				39B9C6811CBD663000BC28B6 /* Assets.xcassets in Resources */,
				39B9C67F1CBD663000BC28B6 /* Main.storyboard in Resources */,
			);
			runOnlyForDeploymentPostprocessing = 0;
		};
		39B9C6881CBD663000BC28B6 /* Resources */ = {
			isa = PBXResourcesBuildPhase;
			buildActionMask = 2147483647;
			files = (
			);
			runOnlyForDeploymentPostprocessing = 0;
		};
		39B9C6931CBD663000BC28B6 /* Resources */ = {
			isa = PBXResourcesBuildPhase;
			buildActionMask = 2147483647;
			files = (
			);
			runOnlyForDeploymentPostprocessing = 0;
		};
/* End PBXResourcesBuildPhase section */

/* Begin PBXSourcesBuildPhase section */
		39B9C6721CBD663000BC28B6 /* Sources */ = {
			isa = PBXSourcesBuildPhase;
			buildActionMask = 2147483647;
			files = (
				39B9C67C1CBD663000BC28B6 /* ViewController.swift in Sources */,
				39B9C67A1CBD663000BC28B6 /* AppDelegate.swift in Sources */,
			);
			runOnlyForDeploymentPostprocessing = 0;
		};
		39B9C6861CBD663000BC28B6 /* Sources */ = {
			isa = PBXSourcesBuildPhase;
			buildActionMask = 2147483647;
			files = (
				39B9C68F1CBD663000BC28B6 /* testPhoneCallTests.swift in Sources */,
			);
			runOnlyForDeploymentPostprocessing = 0;
		};
		39B9C6911CBD663000BC28B6 /* Sources */ = {
			isa = PBXSourcesBuildPhase;
			buildActionMask = 2147483647;
			files = (
				39B9C69A1CBD663000BC28B6 /* testPhoneCallUITests.swift in Sources */,
			);
			runOnlyForDeploymentPostprocessing = 0;
		};
/* End PBXSourcesBuildPhase section */

/* Begin PBXTargetDependency section */
		39B9C68C1CBD663000BC28B6 /* PBXTargetDependency */ = {
			isa = PBXTargetDependency;
			target = 39B9C6751CBD663000BC28B6 /* testPhoneCall */;
			targetProxy = 39B9C68B1CBD663000BC28B6 /* PBXContainerItemProxy */;
		};
		39B9C6971CBD663000BC28B6 /* PBXTargetDependency */ = {
			isa = PBXTargetDependency;
			target = 39B9C6751CBD663000BC28B6 /* testPhoneCall */;
			targetProxy = 39B9C6961CBD663000BC28B6 /* PBXContainerItemProxy */;
		};
/* End PBXTargetDependency section */

/* Begin PBXVariantGroup section */
		39B9C67D1CBD663000BC28B6 /* Main.storyboard */ = {
			isa = PBXVariantGroup;
			children = (
				39B9C67E1CBD663000BC28B6 /* Base */,
			);
			name = Main.storyboard;
			sourceTree = "<group>";
		};
		39B9C6821CBD663000BC28B6 /* LaunchScreen.storyboard */ = {
			isa = PBXVariantGroup;
			children = (
				39B9C6831CBD663000BC28B6 /* Base */,
			);
			name = LaunchScreen.storyboard;
			sourceTree = "<group>";
		};
/* End PBXVariantGroup section */

/* Begin XCBuildConfiguration section */
		39B9C69C1CBD663000BC28B6 /* Debug */ = {
			isa = XCBuildConfiguration;
			buildSettings = {
				ALWAYS_SEARCH_USER_PATHS = NO;
				CLANG_CXX_LANGUAGE_STANDARD = "gnu++0x";
				CLANG_CXX_LIBRARY = "libc++";
				CLANG_ENABLE_MODULES = YES;
				CLANG_ENABLE_OBJC_ARC = YES;
				CLANG_WARN_BOOL_CONVERSION = YES;
				CLANG_WARN_CONSTANT_CONVERSION = YES;
				CLANG_WARN_DIRECT_OBJC_ISA_USAGE = YES_ERROR;
				CLANG_WARN_EMPTY_BODY = YES;
				CLANG_WARN_ENUM_CONVERSION = YES;
				CLANG_WARN_INT_CONVERSION = YES;
				CLANG_WARN_OBJC_ROOT_CLASS = YES_ERROR;
				CLANG_WARN_UNREACHABLE_CODE = YES;
				CLANG_WARN__DUPLICATE_METHOD_MATCH = YES;
				"CODE_SIGN_IDENTITY[sdk=iphoneos*]" = "iPhone Developer";
				COPY_PHASE_STRIP = NO;
				DEBUG_INFORMATION_FORMAT = dwarf;
				ENABLE_STRICT_OBJC_MSGSEND = YES;
				ENABLE_TESTABILITY = YES;
				GCC_C_LANGUAGE_STANDARD = gnu99;
				GCC_DYNAMIC_NO_PIC = NO;
				GCC_NO_COMMON_BLOCKS = YES;
				GCC_OPTIMIZATION_LEVEL = 0;
				GCC_PREPROCESSOR_DEFINITIONS = (
					"DEBUG=1",
					"$(inherited)",
				);
				GCC_WARN_64_TO_32_BIT_CONVERSION = YES;
				GCC_WARN_ABOUT_RETURN_TYPE = YES_ERROR;
				GCC_WARN_UNDECLARED_SELECTOR = YES;
				GCC_WARN_UNINITIALIZED_AUTOS = YES_AGGRESSIVE;
				GCC_WARN_UNUSED_FUNCTION = YES;
				GCC_WARN_UNUSED_VARIABLE = YES;
				IPHONEOS_DEPLOYMENT_TARGET = 9.2;
				MTL_ENABLE_DEBUG_INFO = YES;
				ONLY_ACTIVE_ARCH = YES;
				SDKROOT = iphoneos;
				SWIFT_OPTIMIZATION_LEVEL = "-Onone";
				TARGETED_DEVICE_FAMILY = "1,2";
			};
			name = Debug;
		};
		39B9C69D1CBD663000BC28B6 /* Release */ = {
			isa = XCBuildConfiguration;
			buildSettings = {
				ALWAYS_SEARCH_USER_PATHS = NO;
				CLANG_CXX_LANGUAGE_STANDARD = "gnu++0x";
				CLANG_CXX_LIBRARY = "libc++";
				CLANG_ENABLE_MODULES = YES;
				CLANG_ENABLE_OBJC_ARC = YES;
				CLANG_WARN_BOOL_CONVERSION = YES;
				CLANG_WARN_CONSTANT_CONVERSION = YES;
				CLANG_WARN_DIRECT_OBJC_ISA_USAGE = YES_ERROR;
				CLANG_WARN_EMPTY_BODY = YES;
				CLANG_WARN_ENUM_CONVERSION = YES;
				CLANG_WARN_INT_CONVERSION = YES;
				CLANG_WARN_OBJC_ROOT_CLASS = YES_ERROR;
				CLANG_WARN_UNREACHABLE_CODE = YES;
				CLANG_WARN__DUPLICATE_METHOD_MATCH = YES;
				"CODE_SIGN_IDENTITY[sdk=iphoneos*]" = "iPhone Developer";
				COPY_PHASE_STRIP = NO;
				DEBUG_INFORMATION_FORMAT = "dwarf-with-dsym";
				ENABLE_NS_ASSERTIONS = NO;
				ENABLE_STRICT_OBJC_MSGSEND = YES;
				GCC_C_LANGUAGE_STANDARD = gnu99;
				GCC_NO_COMMON_BLOCKS = YES;
				GCC_WARN_64_TO_32_BIT_CONVERSION = YES;
				GCC_WARN_ABOUT_RETURN_TYPE = YES_ERROR;
				GCC_WARN_UNDECLARED_SELECTOR = YES;
				GCC_WARN_UNINITIALIZED_AUTOS = YES_AGGRESSIVE;
				GCC_WARN_UNUSED_FUNCTION = YES;
				GCC_WARN_UNUSED_VARIABLE = YES;
				IPHONEOS_DEPLOYMENT_TARGET = 9.2;
				MTL_ENABLE_DEBUG_INFO = NO;
				SDKROOT = iphoneos;
				TARGETED_DEVICE_FAMILY = "1,2";
				VALIDATE_PRODUCT = YES;
			};
			name = Release;
		};
		39B9C69F1CBD663000BC28B6 /* Debug */ = {
			isa = XCBuildConfiguration;
			buildSettings = {
				ASSETCATALOG_COMPILER_APPICON_NAME = AppIcon;
				INFOPLIST_FILE = testPhoneCall/Info.plist;
				IPHONEOS_DEPLOYMENT_TARGET = 8.4;
				LD_RUNPATH_SEARCH_PATHS = "$(inherited) @executable_path/Frameworks";
				PRODUCT_BUNDLE_IDENTIFIER = reminderapp.testPhoneCall;
				PRODUCT_NAME = "$(TARGET_NAME)";
			};
			name = Debug;
		};
		39B9C6A01CBD663000BC28B6 /* Release */ = {
			isa = XCBuildConfiguration;
			buildSettings = {
				ASSETCATALOG_COMPILER_APPICON_NAME = AppIcon;
				INFOPLIST_FILE = testPhoneCall/Info.plist;
				IPHONEOS_DEPLOYMENT_TARGET = 8.4;
				LD_RUNPATH_SEARCH_PATHS = "$(inherited) @executable_path/Frameworks";
				PRODUCT_BUNDLE_IDENTIFIER = reminderapp.testPhoneCall;
				PRODUCT_NAME = "$(TARGET_NAME)";
			};
			name = Release;
		};
		39B9C6A21CBD663000BC28B6 /* Debug */ = {
			isa = XCBuildConfiguration;
			buildSettings = {
				BUNDLE_LOADER = "$(TEST_HOST)";
				INFOPLIST_FILE = testPhoneCallTests/Info.plist;
				LD_RUNPATH_SEARCH_PATHS = "$(inherited) @executable_path/Frameworks @loader_path/Frameworks";
				PRODUCT_BUNDLE_IDENTIFIER = reminderapp.testPhoneCallTests;
				PRODUCT_NAME = "$(TARGET_NAME)";
				TEST_HOST = "$(BUILT_PRODUCTS_DIR)/testPhoneCall.app/testPhoneCall";
			};
			name = Debug;
		};
		39B9C6A31CBD663000BC28B6 /* Release */ = {
			isa = XCBuildConfiguration;
			buildSettings = {
				BUNDLE_LOADER = "$(TEST_HOST)";
				INFOPLIST_FILE = testPhoneCallTests/Info.plist;
				LD_RUNPATH_SEARCH_PATHS = "$(inherited) @executable_path/Frameworks @loader_path/Frameworks";
				PRODUCT_BUNDLE_IDENTIFIER = reminderapp.testPhoneCallTests;
				PRODUCT_NAME = "$(TARGET_NAME)";
				TEST_HOST = "$(BUILT_PRODUCTS_DIR)/testPhoneCall.app/testPhoneCall";
			};
			name = Release;
		};
		39B9C6A51CBD663000BC28B6 /* Debug */ = {
			isa = XCBuildConfiguration;
			buildSettings = {
				INFOPLIST_FILE = testPhoneCallUITests/Info.plist;
				LD_RUNPATH_SEARCH_PATHS = "$(inherited) @executable_path/Frameworks @loader_path/Frameworks";
				PRODUCT_BUNDLE_IDENTIFIER = reminderapp.testPhoneCallUITests;
				PRODUCT_NAME = "$(TARGET_NAME)";
				TEST_TARGET_NAME = testPhoneCall;
				USES_XCTRUNNER = YES;
			};
			name = Debug;
		};
		39B9C6A61CBD663000BC28B6 /* Release */ = {
			isa = XCBuildConfiguration;
			buildSettings = {
				INFOPLIST_FILE = testPhoneCallUITests/Info.plist;
				LD_RUNPATH_SEARCH_PATHS = "$(inherited) @executable_path/Frameworks @loader_path/Frameworks";
				PRODUCT_BUNDLE_IDENTIFIER = reminderapp.testPhoneCallUITests;
				PRODUCT_NAME = "$(TARGET_NAME)";
				TEST_TARGET_NAME = testPhoneCall;
				USES_XCTRUNNER = YES;
			};
			name = Release;
		};
/* End XCBuildConfiguration section */

/* Begin XCConfigurationList section */
		39B9C6711CBD663000BC28B6 /* Build configuration list for PBXProject "testPhoneCall" */ = {
			isa = XCConfigurationList;
			buildConfigurations = (
				39B9C69C1CBD663000BC28B6 /* Debug */,
				39B9C69D1CBD663000BC28B6 /* Release */,
			);
			defaultConfigurationIsVisible = 0;
			defaultConfigurationName = Release;
		};
		39B9C69E1CBD663000BC28B6 /* Build configuration list for PBXNativeTarget "testPhoneCall" */ = {
			isa = XCConfigurationList;
			buildConfigurations = (
				39B9C69F1CBD663000BC28B6 /* Debug */,
				39B9C6A01CBD663000BC28B6 /* Release */,
			);
			defaultConfigurationIsVisible = 0;
		};
		39B9C6A11CBD663000BC28B6 /* Build configuration list for PBXNativeTarget "testPhoneCallTests" */ = {
			isa = XCConfigurationList;
			buildConfigurations = (
				39B9C6A21CBD663000BC28B6 /* Debug */,
				39B9C6A31CBD663000BC28B6 /* Release */,
			);
			defaultConfigurationIsVisible = 0;
		};
		39B9C6A41CBD663000BC28B6 /* Build configuration list for PBXNativeTarget "testPhoneCallUITests" */ = {
			isa = XCConfigurationList;
			buildConfigurations = (
				39B9C6A51CBD663000BC28B6 /* Debug */,
				39B9C6A61CBD663000BC28B6 /* Release */,
			);
			defaultConfigurationIsVisible = 0;
		};
/* End XCConfigurationList section */
	};
	rootObject = 39B9C66E1CBD662F00BC28B6 /* Project object */;
}
